<?xml version="1.0" encoding="utf-8"?>
<Project ToolsVersion="4.0" xmlns="http://schemas.microsoft.com/developer/msbuild/2003">
  <ItemGroup>
    <Filter Include="Source Files">
      <UniqueIdentifier>{4FC737F1-C7A5-4376-A066-2A32D752A2FF}</UniqueIdentifier>
      <Extensions>cpp;c;cc;cxx;c++;cppm;ixx;def;odl;idl;hpj;bat;asm;asmx</Extensions>
    </Filter>
    <Filter Include="Header Files">
      <UniqueIdentifier>{93995380-89BD-4b04-88EB-625FBE52EBFB}</UniqueIdentifier>
      <Extensions>h;hh;hpp;hxx;h++;hm;inl;inc;ipp;xsd</Extensions>
    </Filter>
    <Filter Include="Resource Files">
      <UniqueIdentifier>{67DA6AB6-F800-4c08-8B7A-83BB121AAD01}</UniqueIdentifier>
      <Extensions>rc;ico;cur;bmp;dlg;rc2;rct;bin;rgs;gif;jpg;jpeg;jpe;resx;tiff;tif;png;wav;mfcribbon-ms</Extensions>
    </Filter>
    <Filter Include="Source Files\Bai10_ThuatToanSinh">
      <UniqueIdentifier>{043e77e8-5e36-4b98-9762-2d053827da7d}</UniqueIdentifier>
    </Filter>
    <Filter Include="Source Files\Bai10_ThuatToanSinh\GB">
      <UniqueIdentifier>{dcf71beb-d7be-4a40-b73f-9b45226a9bca}</UniqueIdentifier>
    </Filter>
    <Filter Include="Source Files\Bai10_ThuatToanSinh\BT">
      <UniqueIdentifier>{81c329a5-9ec4-4939-8e6c-1501503769fe}</UniqueIdentifier>
    </Filter>
    <Filter Include="Source Files\Bai11_QuayLui">
      <UniqueIdentifier>{d305ab58-f3ae-4872-983d-fc84fba674b0}</UniqueIdentifier>
    </Filter>
    <Filter Include="Source Files\Bai11_QuayLui\BaiGiang">
      <UniqueIdentifier>{7027b0e8-6c5d-4036-b43d-dccc0c10b012}</UniqueIdentifier>
    </Filter>
  </ItemGroup>
  <ItemGroup>
    <ClCompile Include="GB_5.cpp">
      <Filter>Source Files\Bai10_ThuatToanSinh\GB</Filter>
    </ClCompile>
    <ClCompile Include="GB_1.cpp">
      <Filter>Source Files\Bai10_ThuatToanSinh\GB</Filter>
    </ClCompile>
    <ClCompile Include="GB_2.cpp">
      <Filter>Source Files\Bai10_ThuatToanSinh\GB</Filter>
    </ClCompile>
    <ClCompile Include="GB_3.cpp">
      <Filter>Source Files\Bai10_ThuatToanSinh\GB</Filter>
    </ClCompile>
    <ClCompile Include="GB_4.cpp">
      <Filter>Source Files\Bai10_ThuatToanSinh\GB</Filter>
    </ClCompile>
    <ClCompile Include="BT_1.cpp">
      <Filter>Source Files\Bai10_ThuatToanSinh\BT</Filter>
    </ClCompile>
    <ClCompile Include="BT_2.cpp">
      <Filter>Source Files\Bai10_ThuatToanSinh\BT</Filter>
    </ClCompile>
    <ClCompile Include="BT_3.cpp">
      <Filter>Source Files\Bai10_ThuatToanSinh\BT</Filter>
    </ClCompile>
    <ClCompile Include="BT_4.cpp">
      <Filter>Source Files\Bai10_ThuatToanSinh\BT</Filter>
    </ClCompile>
    <ClCompile Include="BT_5.cpp">
      <Filter>Source Files\Bai10_ThuatToanSinh\BT</Filter>
    </ClCompile>
    <ClCompile Include="BT_6.cpp">
      <Filter>Source Files\Bai10_ThuatToanSinh\BT</Filter>
    </ClCompile>
    <ClCompile Include="BT_7.cpp">
      <Filter>Source Files\Bai10_ThuatToanSinh\BT</Filter>
    </ClCompile>
    <ClCompile Include="BT_8.cpp">
      <Filter>Source Files\Bai10_ThuatToanSinh\BT</Filter>
    </ClCompile>
    <ClCompile Include="BT_9.cpp">
      <Filter>Source Files\Bai10_ThuatToanSinh\BT</Filter>
    </ClCompile>
    <ClCompile Include="BT_0.cpp">
      <Filter>Source Files\Bai10_ThuatToanSinh\BT</Filter>
    </ClCompile>
    <ClCompile Include="BT_10.cpp">
      <Filter>Source Files\Bai10_ThuatToanSinh\BT</Filter>
    </ClCompile>
    <ClCompile Include="BT_11.cpp">
      <Filter>Source Files\Bai10_ThuatToanSinh\BT</Filter>
    </ClCompile>
    <ClCompile Include="BT_12.cpp">
      <Filter>Source Files\Bai10_ThuatToanSinh\BT</Filter>
    </ClCompile>
    <ClCompile Include="BG_1.cpp">
      <Filter>Source Files\Bai11_QuayLui\BaiGiang</Filter>
    </ClCompile>
    <ClCompile Include="BG_2.cpp">
      <Filter>Source Files\Bai11_QuayLui\BaiGiang</Filter>
    </ClCompile>
  </ItemGroup>
</Project>